
Microsoft Visual Studio Solution File, Format Version 12.00
# Visual Studio Version 16
VisualStudioVersion = 16.0.32802.440
MinimumVisualStudioVersion = 10.0.40219.1
Project("{FAE04EC0-301F-11D3-BF4B-00C04F79EFBC}") = "Rage", "Rage\Rage.csproj", "{AA3206D7-A818-4445-8C32-0960CEF8506B}"
EndProject
Global
	GlobalSection(SolutionConfigurationPlatforms) = preSolution
		Debug|Any CPU = Debug|Any CPU
		Release|Any CPU = Release|Any CPU
	EndGlobalSection
	GlobalSection(ProjectConfigurationPlatforms) = postSolution
		{AA3206D7-A818-4445-8C32-0960CEF8506B}.Debug|Any CPU.ActiveCfg = Debug|Any CPU
		{AA3206D7-A818-4445-8C32-0960CEF8506B}.Debug|Any CPU.Build.0 = Debug|Any CPU
		{AA3206D7-A818-4445-8C32-0960CEF8506B}.Release|Any CPU.ActiveCfg = Release|Any CPU
		{AA3206D7-A818-4445-8C32-0960CEF8506B}.Release|Any CPU.Build.0 = Release|Any CPU
	EndGlobalSection
	GlobalSection(SolutionProperties) = preSolution
		HideSolutionNode = FALSE
	EndGlobalSection
	GlobalSection(ExtensibilityGlobals) = postSolution
		SolutionGuid = {595AEA1F-DED5-406E-B4F8-6E8E55296C1F}
	EndGlobalSection
EndGlobal
